github.com/aws/aws-sdk-go-v2 v1.36.1 h1:iTDl5U6oAhkNPba0e1t1hrwAo02ZMqbrGq4k5JBWM5E=
github.com/aws/aws-sdk-go-v2 v1.36.1/go.mod h1:5PMILGVKiW32oDzjj6RU52yrNrDPUHcbZQYr1sM7qmM=
github.com/aws/aws-sdk-go-v2/aws/protocol/eventstream v1.6.8 h1:zAxi9p3wsZMIaVCdoiQp2uZ9k1LsZvmAnoTBeZPXom0=
github.com/aws/aws-sdk-go-v2/aws/protocol/eventstream v1.6.8/go.mod h1:3XkePX5dSaxveLAYY7nsbsZZrKxCyEuE5pM4ziFxyGg=
github.com/aws/aws-sdk-go-v2/config v1.29.4 h1:ObNqKsDYFGr2WxnoXKOhCvTlf3HhwtoGgc+KmZ4H5yg=
github.com/aws/aws-sdk-go-v2/config v1.29.4/go.mod h1:j2/AF7j/qxVmsNIChw1tWfsVKOayJoGRDjg1Tgq7NPk=
github.com/aws/aws-sdk-go-v2/credentials v1.17.57 h1:kFQDsbdBAR3GZsB8xA+51ptEnq9TIj3tS4MuP5b+TcQ=
github.com/aws/aws-sdk-go-v2/credentials v1.17.57/go.mod h1:2kerxPUUbTagAr/kkaHiqvj/bcYHzi2qiJS/ZinllU0=
github.com/aws/aws-sdk-go-v2/feature/dynamodb/attributevalue v1.18.3 h1:75c6BgrJWLjE9QYB6Dbo3R8ASDd8kNBporqF0/MQ+94=
github.com/aws/aws-sdk-go-v2/feature/dynamodb/attributevalue v1.18.3/go.mod h1:UzdK41+NeUrF1Z9vg7ptHjc1efmZyo1Bk9KBA05hKAM=
github.com/aws/aws-sdk-go-v2/feature/ec2/imds v1.16.27 h1:7lOW8NUwE9UZekS1DYoiPdVAqZ6A+LheHWb+mHbNOq8=
github.com/aws/aws-sdk-go-v2/feature/ec2/imds v1.16.27/go.mod h1:w1BASFIPOPUae7AgaH4SbjNbfdkxuggLyGfNFTn8ITY=
github.com/aws/aws-sdk-go-v2/internal/configsources v1.3.32 h1:BjUcr3X3K0wZPGFg2bxOWW3VPN8rkE3/61zhP+IHviA=
github.com/aws/aws-sdk-go-v2/internal/configsources v1.3.32/go.mod h1:80+OGC/bgzzFFTUmcuwD0lb4YutwQeKLFpmt6hoWapU=
github.com/aws/aws-sdk-go-v2/internal/endpoints/v2 v2.6.32 h1:m1GeXHVMJsRsUAqG6HjZWx9dj7F5TR+cF1bjyfYyBd4=
github.com/aws/aws-sdk-go-v2/internal/endpoints/v2 v2.6.32/go.mod h1:IitoQxGfaKdVLNg0hD8/DXmAqNy0H4K2H2Sf91ti8sI=
github.com/aws/aws-sdk-go-v2/internal/ini v1.8.2 h1:Pg9URiobXy85kgFev3og2CuOZ8JZUBENF+dcgWBaYNk=
github.com/aws/aws-sdk-go-v2/internal/ini v1.8.2/go.mod h1:FbtygfRFze9usAadmnGJNc8KsP346kEe+y2/oyhGAGc=
github.com/aws/aws-sdk-go-v2/internal/v4a v1.3.31 h1:8IwBjuLdqIO1dGB+dZ9zJEl8wzY3bVYxcs0Xyu/Lsc0=
github.com/aws/aws-sdk-go-v2/internal/v4a v1.3.31/go.mod h1:8tMBcuVjL4kP/ECEIWTCWtwV2kj6+ouEKl4cqR4iWLw=
github.com/aws/aws-sdk-go-v2/service/autoscaling v1.51.10 h1:3w2RDmSyTFohNgecVfkyfycRBEmrAbi2XhcMrmtLhnc=
github.com/aws/aws-sdk-go-v2/service/autoscaling v1.51.10/go.mod h1:e5rkwFOp5CwqgxtPx5ks/mfGPXm6ZhbRDHVVl9OeK8Q=
github.com/aws/aws-sdk-go-v2/service/cloudwatch v1.43.12 h1:SZE/PDYBlP0+SoSVMQUHq5KFTkUccurn99yr1LiLroQ=
github.com/aws/aws-sdk-go-v2/service/cloudwatch v1.43.12/go.mod h1:LZrHBC9LwAoFniu+0g8csH9Jz20Es0AoeIxF6bNh6tQ=
github.com/aws/aws-sdk-go-v2/service/dynamodb v1.40.0 h1:OoQO3OUzwhNGNyTLsNe0Scre8QxHtZZn/7yY96K/PNI=
github.com/aws/aws-sdk-go-v2/service/dynamodb v1.40.0/go.mod h1:FcMiR2AALpkrpik6JzbYu+iEfktzrs3XOq5Shk9nvik=
github.com/aws/aws-sdk-go-v2/service/dynamodbstreams v1.24.20 h1:uUTR6EInXq1uf/Bz/0V9bc4jT3sKQ3UuFOjxeUVjeCM=
github.com/aws/aws-sdk-go-v2/service/dynamodbstreams v1.24.20/go.mod h1:jpQRvf4Atm1US92/h+6U3NLeoygPdFid9OYw8awLEa8=
github.com/aws/aws-sdk-go-v2/service/ec2 v1.202.2 h1:qas57zkkMX8OM+MVz+4sMaOaD9HRmeFJRb8nzMdYkx0=
github.com/aws/aws-sdk-go-v2/service/ec2 v1.202.2/go.mod h1:2omfxRebtpbbFqQGqeurDzlyB7Txa2e1xe9rCDFqlwA=
github.com/aws/aws-sdk-go-v2/service/internal/accept-encoding v1.12.2 h1:D4oz8/CzT9bAEYtVhSBmFj2dNOtaHOtMKc2vHBwYizA=
github.com/aws/aws-sdk-go-v2/service/internal/accept-encoding v1.12.2/go.mod h1:Za3IHqTQ+yNcRHxu1OFucBh0ACZT4j4VQFF0BqpZcLY=
github.com/aws/aws-sdk-go-v2/service/internal/checksum v1.5.5 h1:siiQ+jummya9OLPDEyHVb2dLW4aOMe22FGDd0sAfuSw=
github.com/aws/aws-sdk-go-v2/service/internal/checksum v1.5.5/go.mod h1:iHVx2J9pWzITdP5MJY6qWfG34TfD9EA+Qi3eV6qQCXw=
github.com/aws/aws-sdk-go-v2/service/internal/endpoint-discovery v1.10.13 h1:eWoHfLIzYeUtJEuoUmD5PwTE+fLaIPN9NZ7UXd9CW0s=
github.com/aws/aws-sdk-go-v2/service/internal/endpoint-discovery v1.10.13/go.mod h1:x5t8Ve0J7JK9VHKSPSRAdBrWAgr/5hH3UeCFMLoyUGQ=
github.com/aws/aws-sdk-go-v2/service/internal/presigned-url v1.12.12 h1:O+8vD2rGjfihBewr5bT+QUfYUHIxCVgG61LHoT59shM=
github.com/aws/aws-sdk-go-v2/service/internal/presigned-url v1.12.12/go.mod h1:usVdWJaosa66NMvmCrr08NcWDBRv4E6+YFG2pUdw1Lk=
github.com/aws/aws-sdk-go-v2/service/internal/s3shared v1.18.12 h1:tkVNm99nkJnFo1H9IIQb5QkCiPcvCDn3Pos+IeTbGRA=
github.com/aws/aws-sdk-go-v2/service/internal/s3shared v1.18.12/go.mod h1:dIVlquSPUMqEJtx2/W17SM2SuESRaVEhEV9alcMqxjw=
github.com/aws/aws-sdk-go-v2/service/rds v1.93.10 h1:zc5PIRrfOxhDFKXaEhy4NcMHecrdsWRO9waVkru3jcI=
github.com/aws/aws-sdk-go-v2/service/rds v1.93.10/go.mod h1:LegGb8OqR5/uLP0RUEqoK2de8FNzDXIejcxpTiGSGVk=
github.com/aws/aws-sdk-go-v2/service/s3 v1.75.2 h1:dyC+iA2+Yc7iDMDh0R4eT6fi8TgBduc+BOWCy6Br0/o=
github.com/aws/aws-sdk-go-v2/service/s3 v1.75.2/go.mod h1:FHSHmyEUkzRbaFFqqm6bkLAOQHgqhsLmfCahvCBMiyA=
github.com/aws/aws-sdk-go-v2/service/sso v1.24.14 h1:c5WJ3iHz7rLIgArznb3JCSQT3uUMiz9DLZhIX+1G8ok=
github.com/aws/aws-sdk-go-v2/service/sso v1.24.14/go.mod h1:+JJQTxB6N4niArC14YNtxcQtwEqzS3o9Z32n7q33Rfs=
github.com/aws/aws-sdk-go-v2/service/ssooidc v1.28.13 h1:f1L/JtUkVODD+k1+IiSJUUv8A++2qVr+Xvb3xWXETMU=
github.com/aws/aws-sdk-go-v2/service/ssooidc v1.28.13/go.mod h1:tvqlFoja8/s0o+UruA1Nrezo/df0PzdunMDDurUfg6U=
github.com/aws/aws-sdk-go-v2/service/sts v1.33.12 h1:fqg6c1KVrc3SYWma/egWue5rKI4G2+M4wMQN2JosNAA=
github.com/aws/aws-sdk-go-v2/service/sts v1.33.12/go.mod h1:7Yn+p66q/jt38qMoVfNvjbm3D89mGBnkwDcijgtih8w=
github.com/aws/smithy-go v1.22.2 h1:6D9hW43xKFrRx/tXXfAlIZc4JI+yQe6snnWcQyxSyLQ=
github.com/aws/smithy-go v1.22.2/go.mod h1:irrKGvNn1InZwb2d7fkIRNucdfwR8R+Ts3wxYa/cJHg=
github.com/cpuguy83/go-md2man/v2 v2.0.4/go.mod h1:tgQtvFlXSQOSOSIRvRPT7W67SCa46tRHOmNcaadrF8o=
github.com/inconshreveable/mousetrap v1.1.0 h1:wN+x4NVGpMsO7ErUn/mUI3vEoE6Jt13X2s0bqwp9tc8=
github.com/inconshreveable/mousetrap v1.1.0/go.mod h1:vpF70FUmC8bwa3OWnCshd2FqLfsEA9PFc4w1p2J65bw=
github.com/russross/blackfriday/v2 v2.1.0/go.mod h1:+Rmxgy9KzJVeS9/2gXHxylqXiyQDYRxCVz55jmeOWTM=
github.com/spf13/cobra v1.8.1 h1:e5/vxKd/rZsfSJMUX1agtjeTDf+qv1/JdBF8gg5k9ZM=
github.com/spf13/cobra v1.8.1/go.mod h1:wHxEcudfqmLYa8iTfL+OuZPbBZkmvliBWKIezN3kD9Y=
github.com/spf13/pflag v1.0.5 h1:iy+VFUOCP1a+8yFto/drg2CJ5u0yRoB7fZw3DKv/JXA=
github.com/spf13/pflag v1.0.5/go.mod h1:McXfInJRrz4CZXVZOBLb0bTZqETkiAhM9Iw0y3An2Bg=
gopkg.in/check.v1 v0.0.0-20161208181325-20d25e280405/go.mod h1:Co6ibVJAznAaIkqp8huTwlJQCZ016jof/cbN4VW5Yz0=
gopkg.in/yaml.v3 v3.0.1/go.mod h1:K4uyk7z7BCEPqu6E+C64Yfv1cQ7kz7rIZviUmN+EgEM=
